# This file is autogenerated, do not edit; changes may be undone by the next 'dep ensure'.


[[projects]]
  digest = "1:6d83aad9c98e13079ad8a4dbc740892edf5384bcd07f1d789bb66cd8ecfae2cd"
  name = "github.com/DataDog/datadog-go"
  packages = ["statsd"]
  pruneopts = "NUT"
  revision = "e67964b4021ad3a334e748e8811eb3cd6becbc6e"
  version = "2.1.0"

[[projects]]
  digest = "1:15e3271f463f2f40d98bf426aabb86941fc66b10272ccfdfebe548683e37acb1"
  name = "github.com/beevik/etree"
  packages = ["."]
  pruneopts = "NUT"
  revision = "8aee6516be3b1163bb6450c35c50e4969e3a3aa8"
  version = "v1.1.0"

[[projects]]
  branch = "master"
  digest = "1:dd49560573b3eeb2993a036b2dfebf301b7ed2c9220a77322b0747f0257cebdc"
  name = "github.com/bluekeyes/hatpear"
  packages = ["."]
  pruneopts = "NUT"
  revision = "ffb42d5bb417aa8e12b3b7ff73d028b915dafa10"

[[projects]]
  branch = "master"
  digest = "1:0f7aba495a03f771f2b79f58253dbce5556b03a3d9c27e538b2e6a1c9851ee28"
  name = "github.com/crewjam/saml"
  packages = [
    ".",
    "logger",
    "xmlenc",
  ]
  pruneopts = "NUT"
  revision = "344d075952c9343809f57f4e465504dd5e3068a4"

[[projects]]
  digest = "1:ffe9824d294da03b391f44e1ae8281281b4afc1bdaa9588c9097785e3af10cec"
  name = "github.com/davecgh/go-spew"
  packages = ["spew"]
  pruneopts = "NUT"
  revision = "8991bc29aa16c548c550c7ff78260e27b9ab7c73"
  version = "v1.1.1"

[[projects]]
  digest = "1:6b1eae4bb93e5ccd23cb09d1e005ecb391316d27701b7a5264f8555a6e2f3d87"
  name = "github.com/jonboulle/clockwork"
  packages = ["."]
  pruneopts = "NUT"
  revision = "2eee05ed794112d45db504eb05aa693efd2b8b09"
  version = "v0.1.0"

[[projects]]
  digest = "1:5cf3f025cbee5951a4ee961de067c8a89fc95a5adabead774f82822efabab121"
  name = "github.com/pkg/errors"
  packages = ["."]
  pruneopts = "NUT"
  revision = "645ef00459ed84a119197bfb8d8205042c6df63d"
  version = "v0.8.0"

[[projects]]
  digest = "1:0028cb19b2e4c3112225cd871870f2d9cf49b9b4276531f03438a88e94be86fe"
  name = "github.com/pmezard/go-difflib"
  packages = ["difflib"]
  pruneopts = "NUT"
  revision = "792786c7400a136282c1664665ae0a8db921c6c2"
  version = "v1.0.0"

[[projects]]
  branch = "master"
  digest = "1:7c522337040d4ec9a136cd9d64fe4677ee1d3eae4a7f8831c2108f9bec43fa48"
  name = "github.com/rcrowley/go-metrics"
  packages = ["."]
  pruneopts = "NUT"
  revision = "e2704e165165ec55d062f5919b4b29494e9fa790"

[[projects]]
  digest = "1:0975c74a2cd70df6c2ae353c6283a25ce759dda7e1e706e5c07458baf3faca22"
  name = "github.com/rs/xid"
  packages = ["."]
  pruneopts = "NUT"
  revision = "15d26544def341f036c5f8dca987a4cbe575032c"
  version = "v1.2.1"

[[projects]]
  digest = "1:23e8c184b0a2dff80ce2d0d62bdf433ecf9707eb58361d755cdf2f08c22c2d0c"
  name = "github.com/rs/zerolog"
  packages = [
    ".",
    "hlog",
    "internal/cbor",
    "internal/json",
    "log",
  ]
  pruneopts = "NUT"
  revision = "338f9bc14084d22cb8eeacd6492861f8449d715c"
  version = "v1.9.1"

[[projects]]
  branch = "master"
  digest = "1:61ceb5558efc2cddc251dbec312749caf8a0a8e3f8aca237e138f9260aa4a958"
  name = "github.com/russellhaering/goxmldsig"
  packages = [
    ".",
    "etreeutils",
    "types",
  ]
  pruneopts = "NUT"
  revision = "7acd5e4a6ef74fe1b082c20f119556adf70c3944"

[[projects]]
  digest = "1:42e8c2456d7ec0f31e182c20022e74324c4da2cb3bd9069ff9b131fe33466308"
  name = "github.com/stretchr/testify"
  packages = ["assert"]
  pruneopts = "NUT"
  revision = "ffdc059bfe9ce6a4e144ba849dbedead332c6053"
  version = "v1.3.0"

[[projects]]
  digest = "1:f23222558887a5919f8e9021ecb205395de463f031dd0c049e6e8e547b57c3f4"
  name = "github.com/zenazn/goji"
  packages = ["web/mutil"]
  pruneopts = "NUT"
  revision = "64eb34159fe53473206c2b3e70fe396a639452f2"
  version = "v1.0"

[[projects]]
  digest = "1:1787b9946a55f9ca5908bd65b9dcf6e2649a00991042ed50bb0eee6a26ff0fe7"
  name = "goji.io"
  packages = [
    ".",
    "internal",
    "pat",
    "pattern",
  ]
  pruneopts = "NUT"
  revision = "0d89ff54b2c18c9c4ba530e32496aef902d3c6cd"
  version = "v2.0"

[[projects]]
  branch = "master"
  digest = "1:1fa95129371749532e2ac8b93a0016c549ebe77f25c6fad296b6ee271fae2fd6"
  name = "golang.org/x/crypto"
  packages = ["ripemd160"]
  pruneopts = "NUT"
  revision = "34f69633bfdcf9db92f698f8487115767eebef81"

[[projects]]
  digest = "1:18108594151654e9e696b27b181b953f9a90b16bf14d253dd1b397b025a1487f"
  name = "gopkg.in/yaml.v2"
  packages = ["."]
  pruneopts = "NUT"
  revision = "51d6538a90f86fe93ac480b35f37b2be17fef232"
  version = "v2.2.2"

[solve-meta]
  analyzer-name = "dep"
  analyzer-version = 1
  input-imports = [
    "github.com/DataDog/datadog-go/statsd",
    "github.com/bluekeyes/hatpear",
    "github.com/crewjam/saml",
    "github.com/pkg/errors",
    "github.com/rcrowley/go-metrics",
    "github.com/rs/zerolog",
    "github.com/rs/zerolog/hlog",
    "github.com/stretchr/testify/assert",
    "goji.io",
    "goji.io/pat",
    "gopkg.in/yaml.v2",
  ]
  solver-name = "gps-cdcl"
  solver-version = 1
